
Microsoft Visual Studio Solution File, Format Version 12.00
# Visual Studio Version 17
VisualStudioVersion = 17.3.32825.248
MinimumVisualStudioVersion = 10.0.40219.1
Project("{FAE04EC0-301F-11D3-BF4B-00C04F79EFBC}") = "Aplikacja_Konsolowa", "Aplikacja_Konsolowa.csproj", "{CD857E83-2B1B-49AE-9F10-5CDC41137331}"
EndProject
Global
	GlobalSection(SolutionConfigurationPlatforms) = preSolution
		Debug|Any CPU = Debug|Any CPU
		Release|Any CPU = Release|Any CPU
	EndGlobalSection
	GlobalSection(ProjectConfigurationPlatforms) = postSolution
		{CD857E83-2B1B-49AE-9F10-5CDC41137331}.Debug|Any CPU.ActiveCfg = Debug|Any CPU
		{CD857E83-2B1B-49AE-9F10-5CDC41137331}.Debug|Any CPU.Build.0 = Debug|Any CPU
		{CD857E83-2B1B-49AE-9F10-5CDC41137331}.Release|Any CPU.ActiveCfg = Release|Any CPU
		{CD857E83-2B1B-49AE-9F10-5CDC41137331}.Release|Any CPU.Build.0 = Release|Any CPU
	EndGlobalSection
	GlobalSection(SolutionProperties) = preSolution
		HideSolutionNode = FALSE
	EndGlobalSection
	GlobalSection(ExtensibilityGlobals) = postSolution
		SolutionGuid = {876EB96D-5C7B-4D15-9B68-902688119CF2}
	EndGlobalSection
EndGlobal
