
Microsoft Visual Studio Solution File, Format Version 12.00
# Visual Studio Version 17
VisualStudioVersion = 17.3.32825.248
MinimumVisualStudioVersion = 10.0.40219.1
Project("{FAE04EC0-301F-11D3-BF4B-00C04F79EFBC}") = "Snake.Android", "Snake.Android\Snake.Android.csproj", "{264A1713-020D-4B4D-9C08-7D748176CD32}"
EndProject
Project("{FAE04EC0-301F-11D3-BF4B-00C04F79EFBC}") = "Snake.iOS", "Snake.iOS\Snake.iOS.csproj", "{5A1E0BEF-0C9E-41E8-AF40-D1DC7A0AFD24}"
EndProject
Project("{FAE04EC0-301F-11D3-BF4B-00C04F79EFBC}") = "Snake", "Snake\Snake.csproj", "{6F00975F-BB22-4B8F-A215-0F5DD8831CC9}"
EndProject
Global
	GlobalSection(SolutionConfigurationPlatforms) = preSolution
		Debug|Any CPU = Debug|Any CPU
		Debug|iPhone = Debug|iPhone
		Debug|iPhoneSimulator = Debug|iPhoneSimulator
		Release|Any CPU = Release|Any CPU
		Release|iPhone = Release|iPhone
		Release|iPhoneSimulator = Release|iPhoneSimulator
	EndGlobalSection
	GlobalSection(ProjectConfigurationPlatforms) = postSolution
		{264A1713-020D-4B4D-9C08-7D748176CD32}.Debug|Any CPU.ActiveCfg = Debug|Any CPU
		{264A1713-020D-4B4D-9C08-7D748176CD32}.Debug|Any CPU.Build.0 = Debug|Any CPU
		{264A1713-020D-4B4D-9C08-7D748176CD32}.Debug|Any CPU.Deploy.0 = Debug|Any CPU
		{264A1713-020D-4B4D-9C08-7D748176CD32}.Debug|iPhone.ActiveCfg = Debug|Any CPU
		{264A1713-020D-4B4D-9C08-7D748176CD32}.Debug|iPhone.Build.0 = Debug|Any CPU
		{264A1713-020D-4B4D-9C08-7D748176CD32}.Debug|iPhone.Deploy.0 = Debug|Any CPU
		{264A1713-020D-4B4D-9C08-7D748176CD32}.Debug|iPhoneSimulator.ActiveCfg = Debug|Any CPU
		{264A1713-020D-4B4D-9C08-7D748176CD32}.Debug|iPhoneSimulator.Build.0 = Debug|Any CPU
		{264A1713-020D-4B4D-9C08-7D748176CD32}.Debug|iPhoneSimulator.Deploy.0 = Debug|Any CPU
		{264A1713-020D-4B4D-9C08-7D748176CD32}.Release|Any CPU.ActiveCfg = Release|Any CPU
		{264A1713-020D-4B4D-9C08-7D748176CD32}.Release|Any CPU.Build.0 = Release|Any CPU
		{264A1713-020D-4B4D-9C08-7D748176CD32}.Release|Any CPU.Deploy.0 = Release|Any CPU
		{264A1713-020D-4B4D-9C08-7D748176CD32}.Release|iPhone.ActiveCfg = Release|Any CPU
		{264A1713-020D-4B4D-9C08-7D748176CD32}.Release|iPhone.Build.0 = Release|Any CPU
		{264A1713-020D-4B4D-9C08-7D748176CD32}.Release|iPhone.Deploy.0 = Release|Any CPU
		{264A1713-020D-4B4D-9C08-7D748176CD32}.Release|iPhoneSimulator.ActiveCfg = Release|Any CPU
		{264A1713-020D-4B4D-9C08-7D748176CD32}.Release|iPhoneSimulator.Build.0 = Release|Any CPU
		{264A1713-020D-4B4D-9C08-7D748176CD32}.Release|iPhoneSimulator.Deploy.0 = Release|Any CPU
		{5A1E0BEF-0C9E-41E8-AF40-D1DC7A0AFD24}.Debug|Any CPU.ActiveCfg = Debug|iPhone
		{5A1E0BEF-0C9E-41E8-AF40-D1DC7A0AFD24}.Debug|Any CPU.Build.0 = Debug|iPhone
		{5A1E0BEF-0C9E-41E8-AF40-D1DC7A0AFD24}.Debug|Any CPU.Deploy.0 = Debug|iPhone
		{5A1E0BEF-0C9E-41E8-AF40-D1DC7A0AFD24}.Debug|iPhone.ActiveCfg = Debug|iPhone
		{5A1E0BEF-0C9E-41E8-AF40-D1DC7A0AFD24}.Debug|iPhone.Build.0 = Debug|iPhone
		{5A1E0BEF-0C9E-41E8-AF40-D1DC7A0AFD24}.Debug|iPhone.Deploy.0 = Debug|iPhone
		{5A1E0BEF-0C9E-41E8-AF40-D1DC7A0AFD24}.Debug|iPhoneSimulator.ActiveCfg = Debug|iPhoneSimulator
		{5A1E0BEF-0C9E-41E8-AF40-D1DC7A0AFD24}.Debug|iPhoneSimulator.Build.0 = Debug|iPhoneSimulator
		{5A1E0BEF-0C9E-41E8-AF40-D1DC7A0AFD24}.Debug|iPhoneSimulator.Deploy.0 = Debug|iPhoneSimulator
		{5A1E0BEF-0C9E-41E8-AF40-D1DC7A0AFD24}.Release|Any CPU.ActiveCfg = Release|iPhoneSimulator
		{5A1E0BEF-0C9E-41E8-AF40-D1DC7A0AFD24}.Release|Any CPU.Build.0 = Release|iPhoneSimulator
		{5A1E0BEF-0C9E-41E8-AF40-D1DC7A0AFD24}.Release|Any CPU.Deploy.0 = Release|iPhoneSimulator
		{5A1E0BEF-0C9E-41E8-AF40-D1DC7A0AFD24}.Release|iPhone.ActiveCfg = Release|iPhone
		{5A1E0BEF-0C9E-41E8-AF40-D1DC7A0AFD24}.Release|iPhone.Build.0 = Release|iPhone
		{5A1E0BEF-0C9E-41E8-AF40-D1DC7A0AFD24}.Release|iPhone.Deploy.0 = Release|iPhone
		{5A1E0BEF-0C9E-41E8-AF40-D1DC7A0AFD24}.Release|iPhoneSimulator.ActiveCfg = Release|iPhoneSimulator
		{5A1E0BEF-0C9E-41E8-AF40-D1DC7A0AFD24}.Release|iPhoneSimulator.Build.0 = Release|iPhoneSimulator
		{5A1E0BEF-0C9E-41E8-AF40-D1DC7A0AFD24}.Release|iPhoneSimulator.Deploy.0 = Release|iPhoneSimulator
		{6F00975F-BB22-4B8F-A215-0F5DD8831CC9}.Debug|Any CPU.ActiveCfg = Debug|Any CPU
		{6F00975F-BB22-4B8F-A215-0F5DD8831CC9}.Debug|Any CPU.Build.0 = Debug|Any CPU
		{6F00975F-BB22-4B8F-A215-0F5DD8831CC9}.Debug|Any CPU.Deploy.0 = Debug|Any CPU
		{6F00975F-BB22-4B8F-A215-0F5DD8831CC9}.Debug|iPhone.ActiveCfg = Debug|Any CPU
		{6F00975F-BB22-4B8F-A215-0F5DD8831CC9}.Debug|iPhone.Build.0 = Debug|Any CPU
		{6F00975F-BB22-4B8F-A215-0F5DD8831CC9}.Debug|iPhone.Deploy.0 = Debug|Any CPU
		{6F00975F-BB22-4B8F-A215-0F5DD8831CC9}.Debug|iPhoneSimulator.ActiveCfg = Debug|Any CPU
		{6F00975F-BB22-4B8F-A215-0F5DD8831CC9}.Debug|iPhoneSimulator.Build.0 = Debug|Any CPU
		{6F00975F-BB22-4B8F-A215-0F5DD8831CC9}.Debug|iPhoneSimulator.Deploy.0 = Debug|Any CPU
		{6F00975F-BB22-4B8F-A215-0F5DD8831CC9}.Release|Any CPU.ActiveCfg = Release|Any CPU
		{6F00975F-BB22-4B8F-A215-0F5DD8831CC9}.Release|Any CPU.Build.0 = Release|Any CPU
		{6F00975F-BB22-4B8F-A215-0F5DD8831CC9}.Release|Any CPU.Deploy.0 = Release|Any CPU
		{6F00975F-BB22-4B8F-A215-0F5DD8831CC9}.Release|iPhone.ActiveCfg = Release|Any CPU
		{6F00975F-BB22-4B8F-A215-0F5DD8831CC9}.Release|iPhone.Build.0 = Release|Any CPU
		{6F00975F-BB22-4B8F-A215-0F5DD8831CC9}.Release|iPhone.Deploy.0 = Release|Any CPU
		{6F00975F-BB22-4B8F-A215-0F5DD8831CC9}.Release|iPhoneSimulator.ActiveCfg = Release|Any CPU
		{6F00975F-BB22-4B8F-A215-0F5DD8831CC9}.Release|iPhoneSimulator.Build.0 = Release|Any CPU
		{6F00975F-BB22-4B8F-A215-0F5DD8831CC9}.Release|iPhoneSimulator.Deploy.0 = Release|Any CPU
	EndGlobalSection
	GlobalSection(SolutionProperties) = preSolution
		HideSolutionNode = FALSE
	EndGlobalSection
	GlobalSection(ExtensibilityGlobals) = postSolution
		SolutionGuid = {746F5964-722F-4B30-889A-359387E37F5A}
	EndGlobalSection
EndGlobal
