
Microsoft Visual Studio Solution File, Format Version 12.00
# Visual Studio Version 17
VisualStudioVersion = 17.3.32825.248
MinimumVisualStudioVersion = 10.0.40219.1
Project("{FAE04EC0-301F-11D3-BF4B-00C04F79EFBC}") = "ToDoMobline.Android", "ToDoMobline.Android\ToDoMobline.Android.csproj", "{1645F7E6-CCB4-40DF-9625-513A372CA958}"
EndProject
Project("{FAE04EC0-301F-11D3-BF4B-00C04F79EFBC}") = "ToDoMobline.iOS", "ToDoMobline.iOS\ToDoMobline.iOS.csproj", "{268EDAE9-EBBE-463F-B9D6-CF0D3353FDFE}"
EndProject
Project("{FAE04EC0-301F-11D3-BF4B-00C04F79EFBC}") = "ToDoMobline", "ToDoMobline\ToDoMobline.csproj", "{C1309484-ED30-42E1-A98F-592C6C1F299A}"
EndProject
Global
	GlobalSection(SolutionConfigurationPlatforms) = preSolution
		Debug|Any CPU = Debug|Any CPU
		Debug|iPhone = Debug|iPhone
		Debug|iPhoneSimulator = Debug|iPhoneSimulator
		Release|Any CPU = Release|Any CPU
		Release|iPhone = Release|iPhone
		Release|iPhoneSimulator = Release|iPhoneSimulator
	EndGlobalSection
	GlobalSection(ProjectConfigurationPlatforms) = postSolution
		{1645F7E6-CCB4-40DF-9625-513A372CA958}.Debug|Any CPU.ActiveCfg = Debug|Any CPU
		{1645F7E6-CCB4-40DF-9625-513A372CA958}.Debug|Any CPU.Build.0 = Debug|Any CPU
		{1645F7E6-CCB4-40DF-9625-513A372CA958}.Debug|Any CPU.Deploy.0 = Debug|Any CPU
		{1645F7E6-CCB4-40DF-9625-513A372CA958}.Debug|iPhone.ActiveCfg = Debug|Any CPU
		{1645F7E6-CCB4-40DF-9625-513A372CA958}.Debug|iPhone.Build.0 = Debug|Any CPU
		{1645F7E6-CCB4-40DF-9625-513A372CA958}.Debug|iPhone.Deploy.0 = Debug|Any CPU
		{1645F7E6-CCB4-40DF-9625-513A372CA958}.Debug|iPhoneSimulator.ActiveCfg = Debug|Any CPU
		{1645F7E6-CCB4-40DF-9625-513A372CA958}.Debug|iPhoneSimulator.Build.0 = Debug|Any CPU
		{1645F7E6-CCB4-40DF-9625-513A372CA958}.Debug|iPhoneSimulator.Deploy.0 = Debug|Any CPU
		{1645F7E6-CCB4-40DF-9625-513A372CA958}.Release|Any CPU.ActiveCfg = Release|Any CPU
		{1645F7E6-CCB4-40DF-9625-513A372CA958}.Release|Any CPU.Build.0 = Release|Any CPU
		{1645F7E6-CCB4-40DF-9625-513A372CA958}.Release|Any CPU.Deploy.0 = Release|Any CPU
		{1645F7E6-CCB4-40DF-9625-513A372CA958}.Release|iPhone.ActiveCfg = Release|Any CPU
		{1645F7E6-CCB4-40DF-9625-513A372CA958}.Release|iPhone.Build.0 = Release|Any CPU
		{1645F7E6-CCB4-40DF-9625-513A372CA958}.Release|iPhone.Deploy.0 = Release|Any CPU
		{1645F7E6-CCB4-40DF-9625-513A372CA958}.Release|iPhoneSimulator.ActiveCfg = Release|Any CPU
		{1645F7E6-CCB4-40DF-9625-513A372CA958}.Release|iPhoneSimulator.Build.0 = Release|Any CPU
		{1645F7E6-CCB4-40DF-9625-513A372CA958}.Release|iPhoneSimulator.Deploy.0 = Release|Any CPU
		{268EDAE9-EBBE-463F-B9D6-CF0D3353FDFE}.Debug|Any CPU.ActiveCfg = Debug|iPhone
		{268EDAE9-EBBE-463F-B9D6-CF0D3353FDFE}.Debug|Any CPU.Build.0 = Debug|iPhone
		{268EDAE9-EBBE-463F-B9D6-CF0D3353FDFE}.Debug|Any CPU.Deploy.0 = Debug|iPhone
		{268EDAE9-EBBE-463F-B9D6-CF0D3353FDFE}.Debug|iPhone.ActiveCfg = Debug|iPhone
		{268EDAE9-EBBE-463F-B9D6-CF0D3353FDFE}.Debug|iPhone.Build.0 = Debug|iPhone
		{268EDAE9-EBBE-463F-B9D6-CF0D3353FDFE}.Debug|iPhone.Deploy.0 = Debug|iPhone
		{268EDAE9-EBBE-463F-B9D6-CF0D3353FDFE}.Debug|iPhoneSimulator.ActiveCfg = Debug|iPhoneSimulator
		{268EDAE9-EBBE-463F-B9D6-CF0D3353FDFE}.Debug|iPhoneSimulator.Build.0 = Debug|iPhoneSimulator
		{268EDAE9-EBBE-463F-B9D6-CF0D3353FDFE}.Debug|iPhoneSimulator.Deploy.0 = Debug|iPhoneSimulator
		{268EDAE9-EBBE-463F-B9D6-CF0D3353FDFE}.Release|Any CPU.ActiveCfg = Release|iPhoneSimulator
		{268EDAE9-EBBE-463F-B9D6-CF0D3353FDFE}.Release|Any CPU.Build.0 = Release|iPhoneSimulator
		{268EDAE9-EBBE-463F-B9D6-CF0D3353FDFE}.Release|Any CPU.Deploy.0 = Release|iPhoneSimulator
		{268EDAE9-EBBE-463F-B9D6-CF0D3353FDFE}.Release|iPhone.ActiveCfg = Release|iPhone
		{268EDAE9-EBBE-463F-B9D6-CF0D3353FDFE}.Release|iPhone.Build.0 = Release|iPhone
		{268EDAE9-EBBE-463F-B9D6-CF0D3353FDFE}.Release|iPhone.Deploy.0 = Release|iPhone
		{268EDAE9-EBBE-463F-B9D6-CF0D3353FDFE}.Release|iPhoneSimulator.ActiveCfg = Release|iPhoneSimulator
		{268EDAE9-EBBE-463F-B9D6-CF0D3353FDFE}.Release|iPhoneSimulator.Build.0 = Release|iPhoneSimulator
		{268EDAE9-EBBE-463F-B9D6-CF0D3353FDFE}.Release|iPhoneSimulator.Deploy.0 = Release|iPhoneSimulator
		{C1309484-ED30-42E1-A98F-592C6C1F299A}.Debug|Any CPU.ActiveCfg = Debug|Any CPU
		{C1309484-ED30-42E1-A98F-592C6C1F299A}.Debug|Any CPU.Build.0 = Debug|Any CPU
		{C1309484-ED30-42E1-A98F-592C6C1F299A}.Debug|Any CPU.Deploy.0 = Debug|Any CPU
		{C1309484-ED30-42E1-A98F-592C6C1F299A}.Debug|iPhone.ActiveCfg = Debug|Any CPU
		{C1309484-ED30-42E1-A98F-592C6C1F299A}.Debug|iPhone.Build.0 = Debug|Any CPU
		{C1309484-ED30-42E1-A98F-592C6C1F299A}.Debug|iPhone.Deploy.0 = Debug|Any CPU
		{C1309484-ED30-42E1-A98F-592C6C1F299A}.Debug|iPhoneSimulator.ActiveCfg = Debug|Any CPU
		{C1309484-ED30-42E1-A98F-592C6C1F299A}.Debug|iPhoneSimulator.Build.0 = Debug|Any CPU
		{C1309484-ED30-42E1-A98F-592C6C1F299A}.Debug|iPhoneSimulator.Deploy.0 = Debug|Any CPU
		{C1309484-ED30-42E1-A98F-592C6C1F299A}.Release|Any CPU.ActiveCfg = Release|Any CPU
		{C1309484-ED30-42E1-A98F-592C6C1F299A}.Release|Any CPU.Build.0 = Release|Any CPU
		{C1309484-ED30-42E1-A98F-592C6C1F299A}.Release|Any CPU.Deploy.0 = Release|Any CPU
		{C1309484-ED30-42E1-A98F-592C6C1F299A}.Release|iPhone.ActiveCfg = Release|Any CPU
		{C1309484-ED30-42E1-A98F-592C6C1F299A}.Release|iPhone.Build.0 = Release|Any CPU
		{C1309484-ED30-42E1-A98F-592C6C1F299A}.Release|iPhone.Deploy.0 = Release|Any CPU
		{C1309484-ED30-42E1-A98F-592C6C1F299A}.Release|iPhoneSimulator.ActiveCfg = Release|Any CPU
		{C1309484-ED30-42E1-A98F-592C6C1F299A}.Release|iPhoneSimulator.Build.0 = Release|Any CPU
		{C1309484-ED30-42E1-A98F-592C6C1F299A}.Release|iPhoneSimulator.Deploy.0 = Release|Any CPU
	EndGlobalSection
	GlobalSection(SolutionProperties) = preSolution
		HideSolutionNode = FALSE
	EndGlobalSection
	GlobalSection(ExtensibilityGlobals) = postSolution
		SolutionGuid = {0F7A2544-1F74-4267-9E87-43D652A9AB63}
	EndGlobalSection
EndGlobal
