
Microsoft Visual Studio Solution File, Format Version 12.00
# Visual Studio Version 17
VisualStudioVersion = 17.3.32825.248
MinimumVisualStudioVersion = 10.0.40219.1
Project("{FAE04EC0-301F-11D3-BF4B-00C04F79EFBC}") = "BankDesktop", "BankDesktop.csproj", "{1188CE29-C030-4983-8C49-86638121F618}"
EndProject
Global
	GlobalSection(SolutionConfigurationPlatforms) = preSolution
		Debug|Any CPU = Debug|Any CPU
		Release|Any CPU = Release|Any CPU
	EndGlobalSection
	GlobalSection(ProjectConfigurationPlatforms) = postSolution
		{1188CE29-C030-4983-8C49-86638121F618}.Debug|Any CPU.ActiveCfg = Debug|Any CPU
		{1188CE29-C030-4983-8C49-86638121F618}.Debug|Any CPU.Build.0 = Debug|Any CPU
		{1188CE29-C030-4983-8C49-86638121F618}.Release|Any CPU.ActiveCfg = Release|Any CPU
		{1188CE29-C030-4983-8C49-86638121F618}.Release|Any CPU.Build.0 = Release|Any CPU
	EndGlobalSection
	GlobalSection(SolutionProperties) = preSolution
		HideSolutionNode = FALSE
	EndGlobalSection
	GlobalSection(ExtensibilityGlobals) = postSolution
		SolutionGuid = {6AEBE1C6-9DA9-4C33-8A41-D19F66A02161}
	EndGlobalSection
EndGlobal
