
Microsoft Visual Studio Solution File, Format Version 12.00
# Visual Studio Version 17
VisualStudioVersion = 17.3.32825.248
MinimumVisualStudioVersion = 10.0.40219.1
Project("{FAE04EC0-301F-11D3-BF4B-00C04F79EFBC}") = "Tabliczka", "Tabliczka.csproj", "{B6C951EF-E161-4531-ABB3-28B909FF858B}"
EndProject
Global
	GlobalSection(SolutionConfigurationPlatforms) = preSolution
		Debug|Any CPU = Debug|Any CPU
		Release|Any CPU = Release|Any CPU
	EndGlobalSection
	GlobalSection(ProjectConfigurationPlatforms) = postSolution
		{B6C951EF-E161-4531-ABB3-28B909FF858B}.Debug|Any CPU.ActiveCfg = Debug|Any CPU
		{B6C951EF-E161-4531-ABB3-28B909FF858B}.Debug|Any CPU.Build.0 = Debug|Any CPU
		{B6C951EF-E161-4531-ABB3-28B909FF858B}.Release|Any CPU.ActiveCfg = Release|Any CPU
		{B6C951EF-E161-4531-ABB3-28B909FF858B}.Release|Any CPU.Build.0 = Release|Any CPU
	EndGlobalSection
	GlobalSection(SolutionProperties) = preSolution
		HideSolutionNode = FALSE
	EndGlobalSection
	GlobalSection(ExtensibilityGlobals) = postSolution
		SolutionGuid = {B96152B2-7D47-4156-8F06-954CC2C80A53}
	EndGlobalSection
EndGlobal
