
Microsoft Visual Studio Solution File, Format Version 12.00
# Visual Studio Version 16
VisualStudioVersion = 16.0.31624.102
MinimumVisualStudioVersion = 10.0.40219.1
Project("{8BC9CEB8-8B4A-11D0-8D11-00A0C91BC942}") = "Powtorka_sort", "Powtorka_sort\Powtorka_sort.vcxproj", "{C3C63894-832C-4C83-80E8-0D479CAAB62A}"
EndProject
Global
	GlobalSection(SolutionConfigurationPlatforms) = preSolution
		Debug|x64 = Debug|x64
		Debug|x86 = Debug|x86
		Release|x64 = Release|x64
		Release|x86 = Release|x86
	EndGlobalSection
	GlobalSection(ProjectConfigurationPlatforms) = postSolution
		{C3C63894-832C-4C83-80E8-0D479CAAB62A}.Debug|x64.ActiveCfg = Debug|x64
		{C3C63894-832C-4C83-80E8-0D479CAAB62A}.Debug|x64.Build.0 = Debug|x64
		{C3C63894-832C-4C83-80E8-0D479CAAB62A}.Debug|x86.ActiveCfg = Debug|Win32
		{C3C63894-832C-4C83-80E8-0D479CAAB62A}.Debug|x86.Build.0 = Debug|Win32
		{C3C63894-832C-4C83-80E8-0D479CAAB62A}.Release|x64.ActiveCfg = Release|x64
		{C3C63894-832C-4C83-80E8-0D479CAAB62A}.Release|x64.Build.0 = Release|x64
		{C3C63894-832C-4C83-80E8-0D479CAAB62A}.Release|x86.ActiveCfg = Release|Win32
		{C3C63894-832C-4C83-80E8-0D479CAAB62A}.Release|x86.Build.0 = Release|Win32
	EndGlobalSection
	GlobalSection(SolutionProperties) = preSolution
		HideSolutionNode = FALSE
	EndGlobalSection
	GlobalSection(ExtensibilityGlobals) = postSolution
		SolutionGuid = {E6BF55EB-5D0A-47A6-ACF5-909BD0228A94}
	EndGlobalSection
EndGlobal
