
Microsoft Visual Studio Solution File, Format Version 12.00
# Visual Studio Version 17
VisualStudioVersion = 17.3.32825.248
MinimumVisualStudioVersion = 10.0.40219.1
Project("{FAE04EC0-301F-11D3-BF4B-00C04F79EFBC}") = "MenuRozwijane", "MenuRozwijane.csproj", "{49C84415-345E-4BB4-AA53-3E156B0B9ABB}"
EndProject
Global
	GlobalSection(SolutionConfigurationPlatforms) = preSolution
		Debug|Any CPU = Debug|Any CPU
		Release|Any CPU = Release|Any CPU
	EndGlobalSection
	GlobalSection(ProjectConfigurationPlatforms) = postSolution
		{49C84415-345E-4BB4-AA53-3E156B0B9ABB}.Debug|Any CPU.ActiveCfg = Debug|Any CPU
		{49C84415-345E-4BB4-AA53-3E156B0B9ABB}.Debug|Any CPU.Build.0 = Debug|Any CPU
		{49C84415-345E-4BB4-AA53-3E156B0B9ABB}.Release|Any CPU.ActiveCfg = Release|Any CPU
		{49C84415-345E-4BB4-AA53-3E156B0B9ABB}.Release|Any CPU.Build.0 = Release|Any CPU
	EndGlobalSection
	GlobalSection(SolutionProperties) = preSolution
		HideSolutionNode = FALSE
	EndGlobalSection
	GlobalSection(ExtensibilityGlobals) = postSolution
		SolutionGuid = {A44BF2EC-9601-495B-8E98-0182F9B10BDB}
	EndGlobalSection
EndGlobal
