
Microsoft Visual Studio Solution File, Format Version 12.00
# Visual Studio Version 17
VisualStudioVersion = 17.3.32825.248
MinimumVisualStudioVersion = 10.0.40219.1
Project("{FAE04EC0-301F-11D3-BF4B-00C04F79EFBC}") = "Aplikacja_Mobilna.Android", "Aplikacja_Mobilna.Android\Aplikacja_Mobilna.Android.csproj", "{9E7AFB42-E9C6-4749-B1F5-6C218D4E74B8}"
EndProject
Project("{FAE04EC0-301F-11D3-BF4B-00C04F79EFBC}") = "Aplikacja_Mobilna.iOS", "Aplikacja_Mobilna.iOS\Aplikacja_Mobilna.iOS.csproj", "{420C3F47-23B0-453A-A63A-D22A73E257F6}"
EndProject
Project("{FAE04EC0-301F-11D3-BF4B-00C04F79EFBC}") = "Aplikacja_Mobilna", "Aplikacja_Mobilna\Aplikacja_Mobilna.csproj", "{E76E8DAE-4A58-42D0-A0D5-FAF262AB9653}"
EndProject
Global
	GlobalSection(SolutionConfigurationPlatforms) = preSolution
		Debug|Any CPU = Debug|Any CPU
		Debug|iPhone = Debug|iPhone
		Debug|iPhoneSimulator = Debug|iPhoneSimulator
		Release|Any CPU = Release|Any CPU
		Release|iPhone = Release|iPhone
		Release|iPhoneSimulator = Release|iPhoneSimulator
	EndGlobalSection
	GlobalSection(ProjectConfigurationPlatforms) = postSolution
		{9E7AFB42-E9C6-4749-B1F5-6C218D4E74B8}.Debug|Any CPU.ActiveCfg = Debug|Any CPU
		{9E7AFB42-E9C6-4749-B1F5-6C218D4E74B8}.Debug|Any CPU.Build.0 = Debug|Any CPU
		{9E7AFB42-E9C6-4749-B1F5-6C218D4E74B8}.Debug|Any CPU.Deploy.0 = Debug|Any CPU
		{9E7AFB42-E9C6-4749-B1F5-6C218D4E74B8}.Debug|iPhone.ActiveCfg = Debug|Any CPU
		{9E7AFB42-E9C6-4749-B1F5-6C218D4E74B8}.Debug|iPhone.Build.0 = Debug|Any CPU
		{9E7AFB42-E9C6-4749-B1F5-6C218D4E74B8}.Debug|iPhone.Deploy.0 = Debug|Any CPU
		{9E7AFB42-E9C6-4749-B1F5-6C218D4E74B8}.Debug|iPhoneSimulator.ActiveCfg = Debug|Any CPU
		{9E7AFB42-E9C6-4749-B1F5-6C218D4E74B8}.Debug|iPhoneSimulator.Build.0 = Debug|Any CPU
		{9E7AFB42-E9C6-4749-B1F5-6C218D4E74B8}.Debug|iPhoneSimulator.Deploy.0 = Debug|Any CPU
		{9E7AFB42-E9C6-4749-B1F5-6C218D4E74B8}.Release|Any CPU.ActiveCfg = Release|Any CPU
		{9E7AFB42-E9C6-4749-B1F5-6C218D4E74B8}.Release|Any CPU.Build.0 = Release|Any CPU
		{9E7AFB42-E9C6-4749-B1F5-6C218D4E74B8}.Release|Any CPU.Deploy.0 = Release|Any CPU
		{9E7AFB42-E9C6-4749-B1F5-6C218D4E74B8}.Release|iPhone.ActiveCfg = Release|Any CPU
		{9E7AFB42-E9C6-4749-B1F5-6C218D4E74B8}.Release|iPhone.Build.0 = Release|Any CPU
		{9E7AFB42-E9C6-4749-B1F5-6C218D4E74B8}.Release|iPhone.Deploy.0 = Release|Any CPU
		{9E7AFB42-E9C6-4749-B1F5-6C218D4E74B8}.Release|iPhoneSimulator.ActiveCfg = Release|Any CPU
		{9E7AFB42-E9C6-4749-B1F5-6C218D4E74B8}.Release|iPhoneSimulator.Build.0 = Release|Any CPU
		{9E7AFB42-E9C6-4749-B1F5-6C218D4E74B8}.Release|iPhoneSimulator.Deploy.0 = Release|Any CPU
		{420C3F47-23B0-453A-A63A-D22A73E257F6}.Debug|Any CPU.ActiveCfg = Debug|iPhone
		{420C3F47-23B0-453A-A63A-D22A73E257F6}.Debug|Any CPU.Build.0 = Debug|iPhone
		{420C3F47-23B0-453A-A63A-D22A73E257F6}.Debug|Any CPU.Deploy.0 = Debug|iPhone
		{420C3F47-23B0-453A-A63A-D22A73E257F6}.Debug|iPhone.ActiveCfg = Debug|iPhone
		{420C3F47-23B0-453A-A63A-D22A73E257F6}.Debug|iPhone.Build.0 = Debug|iPhone
		{420C3F47-23B0-453A-A63A-D22A73E257F6}.Debug|iPhone.Deploy.0 = Debug|iPhone
		{420C3F47-23B0-453A-A63A-D22A73E257F6}.Debug|iPhoneSimulator.ActiveCfg = Debug|iPhoneSimulator
		{420C3F47-23B0-453A-A63A-D22A73E257F6}.Debug|iPhoneSimulator.Build.0 = Debug|iPhoneSimulator
		{420C3F47-23B0-453A-A63A-D22A73E257F6}.Debug|iPhoneSimulator.Deploy.0 = Debug|iPhoneSimulator
		{420C3F47-23B0-453A-A63A-D22A73E257F6}.Release|Any CPU.ActiveCfg = Release|iPhoneSimulator
		{420C3F47-23B0-453A-A63A-D22A73E257F6}.Release|Any CPU.Build.0 = Release|iPhoneSimulator
		{420C3F47-23B0-453A-A63A-D22A73E257F6}.Release|Any CPU.Deploy.0 = Release|iPhoneSimulator
		{420C3F47-23B0-453A-A63A-D22A73E257F6}.Release|iPhone.ActiveCfg = Release|iPhone
		{420C3F47-23B0-453A-A63A-D22A73E257F6}.Release|iPhone.Build.0 = Release|iPhone
		{420C3F47-23B0-453A-A63A-D22A73E257F6}.Release|iPhone.Deploy.0 = Release|iPhone
		{420C3F47-23B0-453A-A63A-D22A73E257F6}.Release|iPhoneSimulator.ActiveCfg = Release|iPhoneSimulator
		{420C3F47-23B0-453A-A63A-D22A73E257F6}.Release|iPhoneSimulator.Build.0 = Release|iPhoneSimulator
		{420C3F47-23B0-453A-A63A-D22A73E257F6}.Release|iPhoneSimulator.Deploy.0 = Release|iPhoneSimulator
		{E76E8DAE-4A58-42D0-A0D5-FAF262AB9653}.Debug|Any CPU.ActiveCfg = Debug|Any CPU
		{E76E8DAE-4A58-42D0-A0D5-FAF262AB9653}.Debug|Any CPU.Build.0 = Debug|Any CPU
		{E76E8DAE-4A58-42D0-A0D5-FAF262AB9653}.Debug|Any CPU.Deploy.0 = Debug|Any CPU
		{E76E8DAE-4A58-42D0-A0D5-FAF262AB9653}.Debug|iPhone.ActiveCfg = Debug|Any CPU
		{E76E8DAE-4A58-42D0-A0D5-FAF262AB9653}.Debug|iPhone.Build.0 = Debug|Any CPU
		{E76E8DAE-4A58-42D0-A0D5-FAF262AB9653}.Debug|iPhone.Deploy.0 = Debug|Any CPU
		{E76E8DAE-4A58-42D0-A0D5-FAF262AB9653}.Debug|iPhoneSimulator.ActiveCfg = Debug|Any CPU
		{E76E8DAE-4A58-42D0-A0D5-FAF262AB9653}.Debug|iPhoneSimulator.Build.0 = Debug|Any CPU
		{E76E8DAE-4A58-42D0-A0D5-FAF262AB9653}.Debug|iPhoneSimulator.Deploy.0 = Debug|Any CPU
		{E76E8DAE-4A58-42D0-A0D5-FAF262AB9653}.Release|Any CPU.ActiveCfg = Release|Any CPU
		{E76E8DAE-4A58-42D0-A0D5-FAF262AB9653}.Release|Any CPU.Build.0 = Release|Any CPU
		{E76E8DAE-4A58-42D0-A0D5-FAF262AB9653}.Release|Any CPU.Deploy.0 = Release|Any CPU
		{E76E8DAE-4A58-42D0-A0D5-FAF262AB9653}.Release|iPhone.ActiveCfg = Release|Any CPU
		{E76E8DAE-4A58-42D0-A0D5-FAF262AB9653}.Release|iPhone.Build.0 = Release|Any CPU
		{E76E8DAE-4A58-42D0-A0D5-FAF262AB9653}.Release|iPhone.Deploy.0 = Release|Any CPU
		{E76E8DAE-4A58-42D0-A0D5-FAF262AB9653}.Release|iPhoneSimulator.ActiveCfg = Release|Any CPU
		{E76E8DAE-4A58-42D0-A0D5-FAF262AB9653}.Release|iPhoneSimulator.Build.0 = Release|Any CPU
		{E76E8DAE-4A58-42D0-A0D5-FAF262AB9653}.Release|iPhoneSimulator.Deploy.0 = Release|Any CPU
	EndGlobalSection
	GlobalSection(SolutionProperties) = preSolution
		HideSolutionNode = FALSE
	EndGlobalSection
	GlobalSection(ExtensibilityGlobals) = postSolution
		SolutionGuid = {146FBAEF-4191-4D1C-B713-B23C566BB7D3}
	EndGlobalSection
EndGlobal
