
Microsoft Visual Studio Solution File, Format Version 12.00
# Visual Studio Version 16
VisualStudioVersion = 16.0.31624.102
MinimumVisualStudioVersion = 10.0.40219.1
Project("{8BC9CEB8-8B4A-11D0-8D11-00A0C91BC942}") = "Statki", "Statki\Statki.vcxproj", "{D32DF972-FC6F-4B51-B467-64499C885BBB}"
EndProject
Global
	GlobalSection(SolutionConfigurationPlatforms) = preSolution
		Debug|x64 = Debug|x64
		Debug|x86 = Debug|x86
		Release|x64 = Release|x64
		Release|x86 = Release|x86
	EndGlobalSection
	GlobalSection(ProjectConfigurationPlatforms) = postSolution
		{D32DF972-FC6F-4B51-B467-64499C885BBB}.Debug|x64.ActiveCfg = Debug|x64
		{D32DF972-FC6F-4B51-B467-64499C885BBB}.Debug|x64.Build.0 = Debug|x64
		{D32DF972-FC6F-4B51-B467-64499C885BBB}.Debug|x86.ActiveCfg = Debug|Win32
		{D32DF972-FC6F-4B51-B467-64499C885BBB}.Debug|x86.Build.0 = Debug|Win32
		{D32DF972-FC6F-4B51-B467-64499C885BBB}.Release|x64.ActiveCfg = Release|x64
		{D32DF972-FC6F-4B51-B467-64499C885BBB}.Release|x64.Build.0 = Release|x64
		{D32DF972-FC6F-4B51-B467-64499C885BBB}.Release|x86.ActiveCfg = Release|Win32
		{D32DF972-FC6F-4B51-B467-64499C885BBB}.Release|x86.Build.0 = Release|Win32
	EndGlobalSection
	GlobalSection(SolutionProperties) = preSolution
		HideSolutionNode = FALSE
	EndGlobalSection
	GlobalSection(ExtensibilityGlobals) = postSolution
		SolutionGuid = {EE593320-FA0C-4847-9B82-116E5A99694D}
	EndGlobalSection
EndGlobal
