
Microsoft Visual Studio Solution File, Format Version 12.00
# Visual Studio Version 17
VisualStudioVersion = 17.3.32825.248
MinimumVisualStudioVersion = 10.0.40219.1
Project("{FAE04EC0-301F-11D3-BF4B-00C04F79EFBC}") = "Kolko.Android", "Kolko.Android\Kolko.Android.csproj", "{6C18FF6A-7EE7-4F76-AF5F-0D2FC877731A}"
EndProject
Project("{FAE04EC0-301F-11D3-BF4B-00C04F79EFBC}") = "Kolko.iOS", "Kolko.iOS\Kolko.iOS.csproj", "{C024D715-70BD-4DDF-A6C3-1D183F4CEE5D}"
EndProject
Project("{FAE04EC0-301F-11D3-BF4B-00C04F79EFBC}") = "Kolko", "Kolko\Kolko.csproj", "{5F0599F0-9600-4F8B-BFAC-605E4D4AA317}"
EndProject
Global
	GlobalSection(SolutionConfigurationPlatforms) = preSolution
		Debug|Any CPU = Debug|Any CPU
		Debug|iPhone = Debug|iPhone
		Debug|iPhoneSimulator = Debug|iPhoneSimulator
		Release|Any CPU = Release|Any CPU
		Release|iPhone = Release|iPhone
		Release|iPhoneSimulator = Release|iPhoneSimulator
	EndGlobalSection
	GlobalSection(ProjectConfigurationPlatforms) = postSolution
		{6C18FF6A-7EE7-4F76-AF5F-0D2FC877731A}.Debug|Any CPU.ActiveCfg = Debug|Any CPU
		{6C18FF6A-7EE7-4F76-AF5F-0D2FC877731A}.Debug|Any CPU.Build.0 = Debug|Any CPU
		{6C18FF6A-7EE7-4F76-AF5F-0D2FC877731A}.Debug|Any CPU.Deploy.0 = Debug|Any CPU
		{6C18FF6A-7EE7-4F76-AF5F-0D2FC877731A}.Debug|iPhone.ActiveCfg = Debug|Any CPU
		{6C18FF6A-7EE7-4F76-AF5F-0D2FC877731A}.Debug|iPhone.Build.0 = Debug|Any CPU
		{6C18FF6A-7EE7-4F76-AF5F-0D2FC877731A}.Debug|iPhone.Deploy.0 = Debug|Any CPU
		{6C18FF6A-7EE7-4F76-AF5F-0D2FC877731A}.Debug|iPhoneSimulator.ActiveCfg = Debug|Any CPU
		{6C18FF6A-7EE7-4F76-AF5F-0D2FC877731A}.Debug|iPhoneSimulator.Build.0 = Debug|Any CPU
		{6C18FF6A-7EE7-4F76-AF5F-0D2FC877731A}.Debug|iPhoneSimulator.Deploy.0 = Debug|Any CPU
		{6C18FF6A-7EE7-4F76-AF5F-0D2FC877731A}.Release|Any CPU.ActiveCfg = Release|Any CPU
		{6C18FF6A-7EE7-4F76-AF5F-0D2FC877731A}.Release|Any CPU.Build.0 = Release|Any CPU
		{6C18FF6A-7EE7-4F76-AF5F-0D2FC877731A}.Release|Any CPU.Deploy.0 = Release|Any CPU
		{6C18FF6A-7EE7-4F76-AF5F-0D2FC877731A}.Release|iPhone.ActiveCfg = Release|Any CPU
		{6C18FF6A-7EE7-4F76-AF5F-0D2FC877731A}.Release|iPhone.Build.0 = Release|Any CPU
		{6C18FF6A-7EE7-4F76-AF5F-0D2FC877731A}.Release|iPhone.Deploy.0 = Release|Any CPU
		{6C18FF6A-7EE7-4F76-AF5F-0D2FC877731A}.Release|iPhoneSimulator.ActiveCfg = Release|Any CPU
		{6C18FF6A-7EE7-4F76-AF5F-0D2FC877731A}.Release|iPhoneSimulator.Build.0 = Release|Any CPU
		{6C18FF6A-7EE7-4F76-AF5F-0D2FC877731A}.Release|iPhoneSimulator.Deploy.0 = Release|Any CPU
		{C024D715-70BD-4DDF-A6C3-1D183F4CEE5D}.Debug|Any CPU.ActiveCfg = Debug|iPhone
		{C024D715-70BD-4DDF-A6C3-1D183F4CEE5D}.Debug|Any CPU.Build.0 = Debug|iPhone
		{C024D715-70BD-4DDF-A6C3-1D183F4CEE5D}.Debug|Any CPU.Deploy.0 = Debug|iPhone
		{C024D715-70BD-4DDF-A6C3-1D183F4CEE5D}.Debug|iPhone.ActiveCfg = Debug|iPhone
		{C024D715-70BD-4DDF-A6C3-1D183F4CEE5D}.Debug|iPhone.Build.0 = Debug|iPhone
		{C024D715-70BD-4DDF-A6C3-1D183F4CEE5D}.Debug|iPhone.Deploy.0 = Debug|iPhone
		{C024D715-70BD-4DDF-A6C3-1D183F4CEE5D}.Debug|iPhoneSimulator.ActiveCfg = Debug|iPhoneSimulator
		{C024D715-70BD-4DDF-A6C3-1D183F4CEE5D}.Debug|iPhoneSimulator.Build.0 = Debug|iPhoneSimulator
		{C024D715-70BD-4DDF-A6C3-1D183F4CEE5D}.Debug|iPhoneSimulator.Deploy.0 = Debug|iPhoneSimulator
		{C024D715-70BD-4DDF-A6C3-1D183F4CEE5D}.Release|Any CPU.ActiveCfg = Release|iPhoneSimulator
		{C024D715-70BD-4DDF-A6C3-1D183F4CEE5D}.Release|Any CPU.Build.0 = Release|iPhoneSimulator
		{C024D715-70BD-4DDF-A6C3-1D183F4CEE5D}.Release|Any CPU.Deploy.0 = Release|iPhoneSimulator
		{C024D715-70BD-4DDF-A6C3-1D183F4CEE5D}.Release|iPhone.ActiveCfg = Release|iPhone
		{C024D715-70BD-4DDF-A6C3-1D183F4CEE5D}.Release|iPhone.Build.0 = Release|iPhone
		{C024D715-70BD-4DDF-A6C3-1D183F4CEE5D}.Release|iPhone.Deploy.0 = Release|iPhone
		{C024D715-70BD-4DDF-A6C3-1D183F4CEE5D}.Release|iPhoneSimulator.ActiveCfg = Release|iPhoneSimulator
		{C024D715-70BD-4DDF-A6C3-1D183F4CEE5D}.Release|iPhoneSimulator.Build.0 = Release|iPhoneSimulator
		{C024D715-70BD-4DDF-A6C3-1D183F4CEE5D}.Release|iPhoneSimulator.Deploy.0 = Release|iPhoneSimulator
		{5F0599F0-9600-4F8B-BFAC-605E4D4AA317}.Debug|Any CPU.ActiveCfg = Debug|Any CPU
		{5F0599F0-9600-4F8B-BFAC-605E4D4AA317}.Debug|Any CPU.Build.0 = Debug|Any CPU
		{5F0599F0-9600-4F8B-BFAC-605E4D4AA317}.Debug|Any CPU.Deploy.0 = Debug|Any CPU
		{5F0599F0-9600-4F8B-BFAC-605E4D4AA317}.Debug|iPhone.ActiveCfg = Debug|Any CPU
		{5F0599F0-9600-4F8B-BFAC-605E4D4AA317}.Debug|iPhone.Build.0 = Debug|Any CPU
		{5F0599F0-9600-4F8B-BFAC-605E4D4AA317}.Debug|iPhone.Deploy.0 = Debug|Any CPU
		{5F0599F0-9600-4F8B-BFAC-605E4D4AA317}.Debug|iPhoneSimulator.ActiveCfg = Debug|Any CPU
		{5F0599F0-9600-4F8B-BFAC-605E4D4AA317}.Debug|iPhoneSimulator.Build.0 = Debug|Any CPU
		{5F0599F0-9600-4F8B-BFAC-605E4D4AA317}.Debug|iPhoneSimulator.Deploy.0 = Debug|Any CPU
		{5F0599F0-9600-4F8B-BFAC-605E4D4AA317}.Release|Any CPU.ActiveCfg = Release|Any CPU
		{5F0599F0-9600-4F8B-BFAC-605E4D4AA317}.Release|Any CPU.Build.0 = Release|Any CPU
		{5F0599F0-9600-4F8B-BFAC-605E4D4AA317}.Release|Any CPU.Deploy.0 = Release|Any CPU
		{5F0599F0-9600-4F8B-BFAC-605E4D4AA317}.Release|iPhone.ActiveCfg = Release|Any CPU
		{5F0599F0-9600-4F8B-BFAC-605E4D4AA317}.Release|iPhone.Build.0 = Release|Any CPU
		{5F0599F0-9600-4F8B-BFAC-605E4D4AA317}.Release|iPhone.Deploy.0 = Release|Any CPU
		{5F0599F0-9600-4F8B-BFAC-605E4D4AA317}.Release|iPhoneSimulator.ActiveCfg = Release|Any CPU
		{5F0599F0-9600-4F8B-BFAC-605E4D4AA317}.Release|iPhoneSimulator.Build.0 = Release|Any CPU
		{5F0599F0-9600-4F8B-BFAC-605E4D4AA317}.Release|iPhoneSimulator.Deploy.0 = Release|Any CPU
	EndGlobalSection
	GlobalSection(SolutionProperties) = preSolution
		HideSolutionNode = FALSE
	EndGlobalSection
	GlobalSection(ExtensibilityGlobals) = postSolution
		SolutionGuid = {783E7556-FD53-4402-83D1-4B2E177383B9}
	EndGlobalSection
EndGlobal
